
Microsoft Visual Studio Solution File, Format Version 12.00
# Visual Studio Version 17
VisualStudioVersion = 17.8.34525.116
MinimumVisualStudioVersion = 10.0.40219.1
Project("{F184B08F-C81C-45F6-A57F-5ABD9991F28F}") = "PrjProjekt", "WindowsApp1\PrjProjekt.vbproj", "{016AB465-7529-466A-8A6D-1127606D11CE}"
EndProject
Project("{F184B08F-C81C-45F6-A57F-5ABD9991F28F}") = "PrjPasswordHash", "PrjPasswordHash\PrjPasswordHash.vbproj", "{2FDA5D9F-C8E8-4FD7-8001-76A02F8DCB05}"
EndProject
Project("{F184B08F-C81C-45F6-A57F-5ABD9991F28F}") = "PrjDatabase", "PrjDatabase\PrjDatabase.vbproj", "{D0779D16-65F0-471F-AD21-3E808E70333D}"
EndProject
Project("{F184B08F-C81C-45F6-A57F-5ABD9991F28F}") = "PrjStatistics", "PrjStatistics\PrjStatistics.vbproj", "{79415AD7-C0DF-43C1-B3C1-851D944F6BB9}"
EndProject
Project("{F184B08F-C81C-45F6-A57F-5ABD9991F28F}") = "PrjComments", "PrjComments\PrjComments.vbproj", "{E69FC8BD-65DC-46AD-8D7D-C6DCE3537350}"
EndProject
Global
	GlobalSection(SolutionConfigurationPlatforms) = preSolution
		Debug|Any CPU = Debug|Any CPU
		Release|Any CPU = Release|Any CPU
	EndGlobalSection
	GlobalSection(ProjectConfigurationPlatforms) = postSolution
		{016AB465-7529-466A-8A6D-1127606D11CE}.Debug|Any CPU.ActiveCfg = Debug|Any CPU
		{016AB465-7529-466A-8A6D-1127606D11CE}.Debug|Any CPU.Build.0 = Debug|Any CPU
		{016AB465-7529-466A-8A6D-1127606D11CE}.Release|Any CPU.ActiveCfg = Release|Any CPU
		{016AB465-7529-466A-8A6D-1127606D11CE}.Release|Any CPU.Build.0 = Release|Any CPU
		{2FDA5D9F-C8E8-4FD7-8001-76A02F8DCB05}.Debug|Any CPU.ActiveCfg = Debug|Any CPU
		{2FDA5D9F-C8E8-4FD7-8001-76A02F8DCB05}.Debug|Any CPU.Build.0 = Debug|Any CPU
		{2FDA5D9F-C8E8-4FD7-8001-76A02F8DCB05}.Release|Any CPU.ActiveCfg = Release|Any CPU
		{2FDA5D9F-C8E8-4FD7-8001-76A02F8DCB05}.Release|Any CPU.Build.0 = Release|Any CPU
		{D0779D16-65F0-471F-AD21-3E808E70333D}.Debug|Any CPU.ActiveCfg = Debug|Any CPU
		{D0779D16-65F0-471F-AD21-3E808E70333D}.Debug|Any CPU.Build.0 = Debug|Any CPU
		{D0779D16-65F0-471F-AD21-3E808E70333D}.Release|Any CPU.ActiveCfg = Release|Any CPU
		{D0779D16-65F0-471F-AD21-3E808E70333D}.Release|Any CPU.Build.0 = Release|Any CPU
		{79415AD7-C0DF-43C1-B3C1-851D944F6BB9}.Debug|Any CPU.ActiveCfg = Debug|Any CPU
		{79415AD7-C0DF-43C1-B3C1-851D944F6BB9}.Debug|Any CPU.Build.0 = Debug|Any CPU
		{79415AD7-C0DF-43C1-B3C1-851D944F6BB9}.Release|Any CPU.ActiveCfg = Release|Any CPU
		{79415AD7-C0DF-43C1-B3C1-851D944F6BB9}.Release|Any CPU.Build.0 = Release|Any CPU
		{E69FC8BD-65DC-46AD-8D7D-C6DCE3537350}.Debug|Any CPU.ActiveCfg = Debug|Any CPU
		{E69FC8BD-65DC-46AD-8D7D-C6DCE3537350}.Debug|Any CPU.Build.0 = Debug|Any CPU
		{E69FC8BD-65DC-46AD-8D7D-C6DCE3537350}.Release|Any CPU.ActiveCfg = Release|Any CPU
		{E69FC8BD-65DC-46AD-8D7D-C6DCE3537350}.Release|Any CPU.Build.0 = Release|Any CPU
	EndGlobalSection
	GlobalSection(SolutionProperties) = preSolution
		HideSolutionNode = FALSE
	EndGlobalSection
	GlobalSection(ExtensibilityGlobals) = postSolution
		SolutionGuid = {9A6D43EF-8036-44B7-8C49-68DEF75B961D}
	EndGlobalSection
EndGlobal
